
Microsoft Visual Studio Solution File, Format Version 12.00
# Visual Studio Version 16
VisualStudioVersion = 16.0.29609.76
MinimumVisualStudioVersion = 10.0.40219.1
Project("{FAE04EC0-301F-11D3-BF4B-00C04F79EFBC}") = "CQS", "CQS\CQS.csproj", "{C1D3697C-14AC-4E24-912E-8C770CD92E84}"
EndProject
Project("{FAE04EC0-301F-11D3-BF4B-00C04F79EFBC}") = "CQS.Tests", "CQS.Tests\CQS.Tests.csproj", "{C242684C-6AB4-4973-A157-2789492AD643}"
EndProject
Project("{00D1A9C2-B5F0-4AF3-8072-F6C62B433612}") = "CQS.Database", "CQS.Database\CQS.Database.sqlproj", "{99660B93-5423-4807-9158-4248C367E0DA}"
EndProject
Global
	GlobalSection(SolutionConfigurationPlatforms) = preSolution
		Debug|Any CPU = Debug|Any CPU
		Release|Any CPU = Release|Any CPU
	EndGlobalSection
	GlobalSection(ProjectConfigurationPlatforms) = postSolution
		{C1D3697C-14AC-4E24-912E-8C770CD92E84}.Debug|Any CPU.ActiveCfg = Debug|Any CPU
		{C1D3697C-14AC-4E24-912E-8C770CD92E84}.Debug|Any CPU.Build.0 = Debug|Any CPU
		{C1D3697C-14AC-4E24-912E-8C770CD92E84}.Release|Any CPU.ActiveCfg = Release|Any CPU
		{C1D3697C-14AC-4E24-912E-8C770CD92E84}.Release|Any CPU.Build.0 = Release|Any CPU
		{C242684C-6AB4-4973-A157-2789492AD643}.Debug|Any CPU.ActiveCfg = Debug|Any CPU
		{C242684C-6AB4-4973-A157-2789492AD643}.Debug|Any CPU.Build.0 = Debug|Any CPU
		{C242684C-6AB4-4973-A157-2789492AD643}.Release|Any CPU.ActiveCfg = Release|Any CPU
		{C242684C-6AB4-4973-A157-2789492AD643}.Release|Any CPU.Build.0 = Release|Any CPU
		{99660B93-5423-4807-9158-4248C367E0DA}.Debug|Any CPU.ActiveCfg = Debug|Any CPU
		{99660B93-5423-4807-9158-4248C367E0DA}.Debug|Any CPU.Build.0 = Debug|Any CPU
		{99660B93-5423-4807-9158-4248C367E0DA}.Debug|Any CPU.Deploy.0 = Debug|Any CPU
		{99660B93-5423-4807-9158-4248C367E0DA}.Release|Any CPU.ActiveCfg = Release|Any CPU
		{99660B93-5423-4807-9158-4248C367E0DA}.Release|Any CPU.Build.0 = Release|Any CPU
		{99660B93-5423-4807-9158-4248C367E0DA}.Release|Any CPU.Deploy.0 = Release|Any CPU
	EndGlobalSection
	GlobalSection(SolutionProperties) = preSolution
		HideSolutionNode = FALSE
	EndGlobalSection
	GlobalSection(ExtensibilityGlobals) = postSolution
		SolutionGuid = {DC09FDF3-D681-4CBA-9B92-88745F888E39}
	EndGlobalSection
EndGlobal
